
Microsoft Visual Studio Solution File, Format Version 12.00
# Visual Studio Version 17
VisualStudioVersion = 17.0.31903.59
MinimumVisualStudioVersion = 10.0.40219.1
Project("{2150E333-8FDC-42A3-9474-1A3956D46DE8}") = "src", "src", "{140DC827-0446-42CF-81E5-16A5998BC34D}"
EndProject
Project("{FAE04EC0-301F-11D3-BF4B-00C04F79EFBC}") = "Versioning", "src\Versioning\Versioning.csproj", "{3F792578-D247-480C-AFEE-CEEE91693120}"
EndProject
Project("{2150E333-8FDC-42A3-9474-1A3956D46DE8}") = "test", "test", "{9EC88F40-77B8-4A0E-8937-39701EBA2078}"
EndProject
Project("{FAE04EC0-301F-11D3-BF4B-00C04F79EFBC}") = "Versioning.Test", "test\Versioning.Test\Versioning.Test.csproj", "{B7FA5E1C-0306-4C28-AAF4-C15CAEBB4EDB}"
EndProject
Global
	GlobalSection(SolutionConfigurationPlatforms) = preSolution
		Debug|Any CPU = Debug|Any CPU
		Release|Any CPU = Release|Any CPU
	EndGlobalSection
	GlobalSection(SolutionProperties) = preSolution
		HideSolutionNode = FALSE
	EndGlobalSection
	GlobalSection(ProjectConfigurationPlatforms) = postSolution
		{3F792578-D247-480C-AFEE-CEEE91693120}.Debug|Any CPU.ActiveCfg = Debug|Any CPU
		{3F792578-D247-480C-AFEE-CEEE91693120}.Debug|Any CPU.Build.0 = Debug|Any CPU
		{3F792578-D247-480C-AFEE-CEEE91693120}.Release|Any CPU.ActiveCfg = Release|Any CPU
		{3F792578-D247-480C-AFEE-CEEE91693120}.Release|Any CPU.Build.0 = Release|Any CPU
		{B7FA5E1C-0306-4C28-AAF4-C15CAEBB4EDB}.Debug|Any CPU.ActiveCfg = Debug|Any CPU
		{B7FA5E1C-0306-4C28-AAF4-C15CAEBB4EDB}.Debug|Any CPU.Build.0 = Debug|Any CPU
		{B7FA5E1C-0306-4C28-AAF4-C15CAEBB4EDB}.Release|Any CPU.ActiveCfg = Release|Any CPU
		{B7FA5E1C-0306-4C28-AAF4-C15CAEBB4EDB}.Release|Any CPU.Build.0 = Release|Any CPU
	EndGlobalSection
	GlobalSection(NestedProjects) = preSolution
		{3F792578-D247-480C-AFEE-CEEE91693120} = {140DC827-0446-42CF-81E5-16A5998BC34D}
		{B7FA5E1C-0306-4C28-AAF4-C15CAEBB4EDB} = {9EC88F40-77B8-4A0E-8937-39701EBA2078}
	EndGlobalSection
EndGlobal
